{
  "object": {
    "pins": [
      {
        "package": "SwiftFormat",
        "repositoryURL": "https://github.com/nicklockwood/SwiftFormat",
        "state": {
          "branch": null,
          "revision": "872e7034f54aeee3f20acf790ecc13e1383f7360",
          "version": "0.48.4"
        }
      }
    ]
  },
  "version": 1
}
