// !$*UTF8*$!
{
	archiveVersion = 1;
	classes = {
	};
	objectVersion = 52;
	objects = {

/* Begin PBXBuildFile section */
		6C05F2C825120517004A0F72 /* Double.swift in Sources */ = {isa = PBXBuildFile; fileRef = 6C05F2C725120517004A0F72 /* Double.swift */; };
		6C07E8A825167DBF00F728F9 /* LaunchAtLogin in Frameworks */ = {isa = PBXBuildFile; productRef = 6C07E8A725167DBF00F728F9 /* LaunchAtLogin */; };
		6C1FA3F824A70DF300CA7F71 /* CpuView.swift in Sources */ = {isa = PBXBuildFile; fileRef = 6C1FA3F724A70DF300CA7F71 /* CpuView.swift */; };
		6C1FA3FA24A70E6700CA7F71 /* CpuStore.swift in Sources */ = {isa = PBXBuildFile; fileRef = 6C1FA3F924A70E6700CA7F71 /* CpuStore.swift */; };
		6C1FA3FE24A7118000CA7F71 /* Info.swift in Sources */ = {isa = PBXBuildFile; fileRef = 6C1FA3FD24A7118000CA7F71 /* Info.swift */; };
		6C1FA40024A712AA00CA7F71 /* SmcControl.swift in Sources */ = {isa = PBXBuildFile; fileRef = 6C1FA3FF24A712AA00CA7F71 /* SmcControl.swift */; };
		6C1FA40424A7187F00CA7F71 /* FanView.swift in Sources */ = {isa = PBXBuildFile; fileRef = 6C1FA40324A7187F00CA7F71 /* FanView.swift */; };
		6C1FA40724AA127E00CA7F71 /* MemoryView.swift in Sources */ = {isa = PBXBuildFile; fileRef = 6C1FA40624AA127E00CA7F71 /* MemoryView.swift */; };
		6C1FA40B24AA139300CA7F71 /* NSNotification.swift in Sources */ = {isa = PBXBuildFile; fileRef = 6C1FA40A24AA139300CA7F71 /* NSNotification.swift */; };
		6C1FA40E24AA162800CA7F71 /* Refreshable.swift in Sources */ = {isa = PBXBuildFile; fileRef = 6C1FA40D24AA162800CA7F71 /* Refreshable.swift */; };
		6C1FA41024AA1D4400CA7F71 /* FanStore.swift in Sources */ = {isa = PBXBuildFile; fileRef = 6C1FA40F24AA1D4400CA7F71 /* FanStore.swift */; };
		6C1FA41224AA1DC100CA7F71 /* MemoryStore.swift in Sources */ = {isa = PBXBuildFile; fileRef = 6C1FA41124AA1DC100CA7F71 /* MemoryStore.swift */; };
		6C33CEC92517634400345977 /* StatusMenuView.swift in Sources */ = {isa = PBXBuildFile; fileRef = 6C33CEC82517634400345977 /* StatusMenuView.swift */; };
		6C33CECB251767C400345977 /* ProgressBarView.swift in Sources */ = {isa = PBXBuildFile; fileRef = 6C33CECA251767C400345977 /* ProgressBarView.swift */; };
		6C33CECD25177CE300345977 /* CpuMenuBlockView.swift in Sources */ = {isa = PBXBuildFile; fileRef = 6C33CECC25177CE300345977 /* CpuMenuBlockView.swift */; };
		6C33CECF25177D8400345977 /* SeparatorView.swift in Sources */ = {isa = PBXBuildFile; fileRef = 6C33CECE25177D8400345977 /* SeparatorView.swift */; };
		6C4CCCF1250BA68B00590E0E /* View.swift in Sources */ = {isa = PBXBuildFile; fileRef = 6C4CCCF0250BA68B00590E0E /* View.swift */; };
		6C58053A250CAEC3007F467A /* StatusBarTextView.swift in Sources */ = {isa = PBXBuildFile; fileRef = 6C580539250CAEC3007F467A /* StatusBarTextView.swift */; };
		6C58053D250CC6B8007F467A /* Localizable.strings in Resources */ = {isa = PBXBuildFile; fileRef = 6C58053F250CC6B8007F467A /* Localizable.strings */; };
		6C5F853F249FACE000CF0EF8 /* AppDelegate.swift in Sources */ = {isa = PBXBuildFile; fileRef = 6C5F853E249FACE000CF0EF8 /* AppDelegate.swift */; };
		6C5F8541249FACE000CF0EF8 /* ContentView.swift in Sources */ = {isa = PBXBuildFile; fileRef = 6C5F8540249FACE000CF0EF8 /* ContentView.swift */; };
		6C5F8543249FACE200CF0EF8 /* Assets.xcassets in Resources */ = {isa = PBXBuildFile; fileRef = 6C5F8542249FACE200CF0EF8 /* Assets.xcassets */; };
		6C5F8549249FACE200CF0EF8 /* Main.storyboard in Resources */ = {isa = PBXBuildFile; fileRef = 6C5F8547249FACE200CF0EF8 /* Main.storyboard */; };
		6C7DB6CF24E02F0600133B06 /* Shell.swift in Sources */ = {isa = PBXBuildFile; fileRef = 6C7DB6CE24E02F0600133B06 /* Shell.swift */; };
		6C7DB6D124E0300E00133B06 /* NetworkStore.swift in Sources */ = {isa = PBXBuildFile; fileRef = 6C7DB6D024E0300E00133B06 /* NetworkStore.swift */; };
		6C7DB6D324E0350700133B06 /* String.swift in Sources */ = {isa = PBXBuildFile; fileRef = 6C7DB6D224E0350700133B06 /* String.swift */; };
		6C7DB6D524E7A75E00133B06 /* NetworkView.swift in Sources */ = {isa = PBXBuildFile; fileRef = 6C7DB6D424E7A75E00133B06 /* NetworkView.swift */; };
		6C7DB6D724E7A85C00133B06 /* ByteUnit.swift in Sources */ = {isa = PBXBuildFile; fileRef = 6C7DB6D624E7A85C00133B06 /* ByteUnit.swift */; };
		6C7DB6DC24E7FFE300133B06 /* PreferenceStore.swift in Sources */ = {isa = PBXBuildFile; fileRef = 6C7DB6DB24E7FFE300133B06 /* PreferenceStore.swift */; };
		6C7DB6DE24E8077700133B06 /* Animation.swift in Sources */ = {isa = PBXBuildFile; fileRef = 6C7DB6DD24E8077700133B06 /* Animation.swift */; };
		6C7DB6E224E80F5100133B06 /* PreferenceComponentsView.swift in Sources */ = {isa = PBXBuildFile; fileRef = 6C7DB6E124E80F5100133B06 /* PreferenceComponentsView.swift */; };
		6C7DB6E424E80F9400133B06 /* PreferenceDisplayView.swift in Sources */ = {isa = PBXBuildFile; fileRef = 6C7DB6E324E80F9400133B06 /* PreferenceDisplayView.swift */; };
		6C7DB6E624E82C5A00133B06 /* Preference.swift in Sources */ = {isa = PBXBuildFile; fileRef = 6C7DB6E524E82C5A00133B06 /* Preference.swift */; };
		6C7DB6E824E82C7700133B06 /* StringEnum.swift in Sources */ = {isa = PBXBuildFile; fileRef = 6C7DB6E724E82C7700133B06 /* StringEnum.swift */; };
		6C86924C251665A50009A784 /* Localize_Swift in Frameworks */ = {isa = PBXBuildFile; productRef = 6C86924B251665A50009A784 /* Localize_Swift */; };
		6C993B8A2517868B00586C6B /* FanMenuBlockView.swift in Sources */ = {isa = PBXBuildFile; fileRef = 6C993B892517868B00586C6B /* FanMenuBlockView.swift */; };
		6C993B8C25178D3B00586C6B /* MemoryMenuBlockView.swift in Sources */ = {isa = PBXBuildFile; fileRef = 6C993B8B25178D3B00586C6B /* MemoryMenuBlockView.swift */; };
		6C993B8E2517909200586C6B /* MiniSectionView.swift in Sources */ = {isa = PBXBuildFile; fileRef = 6C993B8D2517909200586C6B /* MiniSectionView.swift */; };
		6C993B902517920600586C6B /* BatteryMenuBlockView.swift in Sources */ = {isa = PBXBuildFile; fileRef = 6C993B8F2517920600586C6B /* BatteryMenuBlockView.swift */; };
		6CAEED5424A5DE4700C39597 /* Color.swift in Sources */ = {isa = PBXBuildFile; fileRef = 6CAEED5324A5DE4700C39597 /* Color.swift */; };
		6CAEED6224A5F51600C39597 /* Text.swift in Sources */ = {isa = PBXBuildFile; fileRef = 6CAEED6124A5F51600C39597 /* Text.swift */; };
		6CAEED6524A62DF800C39597 /* SMC.swift in Sources */ = {isa = PBXBuildFile; fileRef = 6CAEED6424A62DF800C39597 /* SMC.swift */; };
		6CB260AB250DE26900328DAA /* ActivityIndicatorView.swift in Sources */ = {isa = PBXBuildFile; fileRef = 6CB260AA250DE26900328DAA /* ActivityIndicatorView.swift */; };
		6CB260B0250DF1A900328DAA /* BatteryIconView.swift in Sources */ = {isa = PBXBuildFile; fileRef = 6CB260AF250DF1A900328DAA /* BatteryIconView.swift */; };
		6CB26F7924E8310900E809FE /* SectionView.swift in Sources */ = {isa = PBXBuildFile; fileRef = 6CB26F7824E8310900E809FE /* SectionView.swift */; };
		6CC0798C250CD793000D7DAC /* PreferenceGeneralView.swift in Sources */ = {isa = PBXBuildFile; fileRef = 6CC0798B250CD793000D7DAC /* PreferenceGeneralView.swift */; };
		6CDE6C7224F0007D00463114 /* StatusBarItem.swift in Sources */ = {isa = PBXBuildFile; fileRef = 6CDE6C7124F0007D00463114 /* StatusBarItem.swift */; };
		6CDE6C7424F0047600463114 /* SizeChangeView.swift in Sources */ = {isa = PBXBuildFile; fileRef = 6CDE6C7324F0047600463114 /* SizeChangeView.swift */; };
		6CDE6C7624F10C8000463114 /* StatusBarManager.swift in Sources */ = {isa = PBXBuildFile; fileRef = 6CDE6C7524F10C8000463114 /* StatusBarManager.swift */; };
		6CDE6C7824F112D700463114 /* EulComponent.swift in Sources */ = {isa = PBXBuildFile; fileRef = 6CDE6C7724F112D700463114 /* EulComponent.swift */; };
		6CDE6C7D24F2AB8800463114 /* NSMenuItem.swift in Sources */ = {isa = PBXBuildFile; fileRef = 6CDE6C7C24F2AB8800463114 /* NSMenuItem.swift */; };
		6CE33C7D252601BB00831857 /* Int.swift in Sources */ = {isa = PBXBuildFile; fileRef = 6CE33C7C252601BB00831857 /* Int.swift */; };
		6CE33C7F25260E3D00831857 /* PreferenceRefreshRateView.swift in Sources */ = {isa = PBXBuildFile; fileRef = 6CE33C7E25260E3D00831857 /* PreferenceRefreshRateView.swift */; };
		6CE7969325166916008BEB2B /* SwiftyJSON in Frameworks */ = {isa = PBXBuildFile; productRef = 6CE7969225166916008BEB2B /* SwiftyJSON */; };
		6CEF771224DD94C8007C3640 /* BatteryStore.swift in Sources */ = {isa = PBXBuildFile; fileRef = 6CEF771124DD94C8007C3640 /* BatteryStore.swift */; };
		6CEF771424DD95D7007C3640 /* BatteryView.swift in Sources */ = {isa = PBXBuildFile; fileRef = 6CEF771324DD95D7007C3640 /* BatteryView.swift */; };
		6CF28D0925168B8200EBE9CB /* SystemKit in Frameworks */ = {isa = PBXBuildFile; productRef = 6CF28D0825168B8200EBE9CB /* SystemKit */; };
		6CF28D0D251758EE00EBE9CB /* StatusBarView.swift in Sources */ = {isa = PBXBuildFile; fileRef = 6CF28D0C251758EE00EBE9CB /* StatusBarView.swift */; };
/* End PBXBuildFile section */

/* Begin PBXCopyFilesBuildPhase section */
		6C4E880F24A6547000766E15 /* CopyFiles */ = {
			isa = PBXCopyFilesBuildPhase;
			buildActionMask = 2147483647;
			dstPath = "";
			dstSubfolderSpec = 16;
			files = (
			);
			runOnlyForDeploymentPostprocessing = 0;
		};
		6CC6D7A4250E2810000B03D4 /* Embed Frameworks */ = {
			isa = PBXCopyFilesBuildPhase;
			buildActionMask = 2147483647;
			dstPath = "";
			dstSubfolderSpec = 10;
			files = (
			);
			name = "Embed Frameworks";
			runOnlyForDeploymentPostprocessing = 0;
		};
/* End PBXCopyFilesBuildPhase section */

/* Begin PBXFileReference section */
		6C05F2C725120517004A0F72 /* Double.swift */ = {isa = PBXFileReference; lastKnownFileType = sourcecode.swift; path = Double.swift; sourceTree = "<group>"; };
		6C1FA3F724A70DF300CA7F71 /* CpuView.swift */ = {isa = PBXFileReference; lastKnownFileType = sourcecode.swift; path = CpuView.swift; sourceTree = "<group>"; };
		6C1FA3F924A70E6700CA7F71 /* CpuStore.swift */ = {isa = PBXFileReference; lastKnownFileType = sourcecode.swift; path = CpuStore.swift; sourceTree = "<group>"; };
		6C1FA3FD24A7118000CA7F71 /* Info.swift */ = {isa = PBXFileReference; lastKnownFileType = sourcecode.swift; path = Info.swift; sourceTree = "<group>"; };
		6C1FA3FF24A712AA00CA7F71 /* SmcControl.swift */ = {isa = PBXFileReference; lastKnownFileType = sourcecode.swift; path = SmcControl.swift; sourceTree = "<group>"; };
		6C1FA40324A7187F00CA7F71 /* FanView.swift */ = {isa = PBXFileReference; lastKnownFileType = sourcecode.swift; path = FanView.swift; sourceTree = "<group>"; };
		6C1FA40624AA127E00CA7F71 /* MemoryView.swift */ = {isa = PBXFileReference; lastKnownFileType = sourcecode.swift; path = MemoryView.swift; sourceTree = "<group>"; };
		6C1FA40A24AA139300CA7F71 /* NSNotification.swift */ = {isa = PBXFileReference; lastKnownFileType = sourcecode.swift; path = NSNotification.swift; sourceTree = "<group>"; };
		6C1FA40D24AA162800CA7F71 /* Refreshable.swift */ = {isa = PBXFileReference; lastKnownFileType = sourcecode.swift; path = Refreshable.swift; sourceTree = "<group>"; };
		6C1FA40F24AA1D4400CA7F71 /* FanStore.swift */ = {isa = PBXFileReference; lastKnownFileType = sourcecode.swift; path = FanStore.swift; sourceTree = "<group>"; };
		6C1FA41124AA1DC100CA7F71 /* MemoryStore.swift */ = {isa = PBXFileReference; lastKnownFileType = sourcecode.swift; path = MemoryStore.swift; sourceTree = "<group>"; };
		6C33CEC82517634400345977 /* StatusMenuView.swift */ = {isa = PBXFileReference; lastKnownFileType = sourcecode.swift; path = StatusMenuView.swift; sourceTree = "<group>"; };
		6C33CECA251767C400345977 /* ProgressBarView.swift */ = {isa = PBXFileReference; lastKnownFileType = sourcecode.swift; path = ProgressBarView.swift; sourceTree = "<group>"; };
		6C33CECC25177CE300345977 /* CpuMenuBlockView.swift */ = {isa = PBXFileReference; lastKnownFileType = sourcecode.swift; path = CpuMenuBlockView.swift; sourceTree = "<group>"; };
		6C33CECE25177D8400345977 /* SeparatorView.swift */ = {isa = PBXFileReference; lastKnownFileType = sourcecode.swift; path = SeparatorView.swift; sourceTree = "<group>"; };
		6C4CCCF0250BA68B00590E0E /* View.swift */ = {isa = PBXFileReference; lastKnownFileType = sourcecode.swift; path = View.swift; sourceTree = "<group>"; };
		6C580539250CAEC3007F467A /* StatusBarTextView.swift */ = {isa = PBXFileReference; lastKnownFileType = sourcecode.swift; path = StatusBarTextView.swift; sourceTree = "<group>"; };
		6C58053E250CC6B8007F467A /* en */ = {isa = PBXFileReference; lastKnownFileType = text.plist.strings; name = en; path = en.lproj/Localizable.strings; sourceTree = "<group>"; };
		6C580540250CC74A007F467A /* zh-Hans */ = {isa = PBXFileReference; lastKnownFileType = text.plist.strings; name = "zh-Hans"; path = "zh-Hans.lproj/Localizable.strings"; sourceTree = "<group>"; };
		6C5F853B249FACE000CF0EF8 /* eul.app */ = {isa = PBXFileReference; explicitFileType = wrapper.application; includeInIndex = 0; path = eul.app; sourceTree = BUILT_PRODUCTS_DIR; };
		6C5F853E249FACE000CF0EF8 /* AppDelegate.swift */ = {isa = PBXFileReference; lastKnownFileType = sourcecode.swift; path = AppDelegate.swift; sourceTree = "<group>"; };
		6C5F8540249FACE000CF0EF8 /* ContentView.swift */ = {isa = PBXFileReference; lastKnownFileType = sourcecode.swift; path = ContentView.swift; sourceTree = "<group>"; };
		6C5F8542249FACE200CF0EF8 /* Assets.xcassets */ = {isa = PBXFileReference; lastKnownFileType = folder.assetcatalog; path = Assets.xcassets; sourceTree = "<group>"; };
		6C5F8548249FACE200CF0EF8 /* Base */ = {isa = PBXFileReference; lastKnownFileType = file.storyboard; name = Base; path = Base.lproj/Main.storyboard; sourceTree = "<group>"; };
		6C5F854A249FACE200CF0EF8 /* Info.plist */ = {isa = PBXFileReference; lastKnownFileType = text.plist.xml; path = Info.plist; sourceTree = "<group>"; };
		6C5F854B249FACE200CF0EF8 /* eul.entitlements */ = {isa = PBXFileReference; lastKnownFileType = text.plist.entitlements; path = eul.entitlements; sourceTree = "<group>"; };
		6C7DB6CE24E02F0600133B06 /* Shell.swift */ = {isa = PBXFileReference; lastKnownFileType = sourcecode.swift; path = Shell.swift; sourceTree = "<group>"; };
		6C7DB6D024E0300E00133B06 /* NetworkStore.swift */ = {isa = PBXFileReference; lastKnownFileType = sourcecode.swift; path = NetworkStore.swift; sourceTree = "<group>"; };
		6C7DB6D224E0350700133B06 /* String.swift */ = {isa = PBXFileReference; lastKnownFileType = sourcecode.swift; name = String.swift; path = ../Utilities/String.swift; sourceTree = "<group>"; };
		6C7DB6D424E7A75E00133B06 /* NetworkView.swift */ = {isa = PBXFileReference; lastKnownFileType = sourcecode.swift; path = NetworkView.swift; sourceTree = "<group>"; };
		6C7DB6D624E7A85C00133B06 /* ByteUnit.swift */ = {isa = PBXFileReference; lastKnownFileType = sourcecode.swift; path = ByteUnit.swift; sourceTree = "<group>"; };
		6C7DB6DB24E7FFE300133B06 /* PreferenceStore.swift */ = {isa = PBXFileReference; lastKnownFileType = sourcecode.swift; path = PreferenceStore.swift; sourceTree = "<group>"; };
		6C7DB6DD24E8077700133B06 /* Animation.swift */ = {isa = PBXFileReference; lastKnownFileType = sourcecode.swift; path = Animation.swift; sourceTree = "<group>"; };
		6C7DB6E124E80F5100133B06 /* PreferenceComponentsView.swift */ = {isa = PBXFileReference; lastKnownFileType = sourcecode.swift; path = PreferenceComponentsView.swift; sourceTree = "<group>"; };
		6C7DB6E324E80F9400133B06 /* PreferenceDisplayView.swift */ = {isa = PBXFileReference; lastKnownFileType = sourcecode.swift; path = PreferenceDisplayView.swift; sourceTree = "<group>"; };
		6C7DB6E524E82C5A00133B06 /* Preference.swift */ = {isa = PBXFileReference; lastKnownFileType = sourcecode.swift; path = Preference.swift; sourceTree = "<group>"; };
		6C7DB6E724E82C7700133B06 /* StringEnum.swift */ = {isa = PBXFileReference; lastKnownFileType = sourcecode.swift; path = StringEnum.swift; sourceTree = "<group>"; };
		6C9667D9250E3D6F00E51ABB /* .swiftformat */ = {isa = PBXFileReference; lastKnownFileType = text; path = .swiftformat; sourceTree = "<group>"; };
		6C993B892517868B00586C6B /* FanMenuBlockView.swift */ = {isa = PBXFileReference; lastKnownFileType = sourcecode.swift; path = FanMenuBlockView.swift; sourceTree = "<group>"; };
		6C993B8B25178D3B00586C6B /* MemoryMenuBlockView.swift */ = {isa = PBXFileReference; lastKnownFileType = sourcecode.swift; path = MemoryMenuBlockView.swift; sourceTree = "<group>"; };
		6C993B8D2517909200586C6B /* MiniSectionView.swift */ = {isa = PBXFileReference; lastKnownFileType = sourcecode.swift; path = MiniSectionView.swift; sourceTree = "<group>"; };
		6C993B8F2517920600586C6B /* BatteryMenuBlockView.swift */ = {isa = PBXFileReference; lastKnownFileType = sourcecode.swift; path = BatteryMenuBlockView.swift; sourceTree = "<group>"; };
		6CAEED5324A5DE4700C39597 /* Color.swift */ = {isa = PBXFileReference; lastKnownFileType = sourcecode.swift; path = Color.swift; sourceTree = "<group>"; };
		6CAEED6124A5F51600C39597 /* Text.swift */ = {isa = PBXFileReference; lastKnownFileType = sourcecode.swift; path = Text.swift; sourceTree = "<group>"; };
		6CAEED6424A62DF800C39597 /* SMC.swift */ = {isa = PBXFileReference; lastKnownFileType = sourcecode.swift; path = SMC.swift; sourceTree = "<group>"; };
		6CB260AA250DE26900328DAA /* ActivityIndicatorView.swift */ = {isa = PBXFileReference; lastKnownFileType = sourcecode.swift; path = ActivityIndicatorView.swift; sourceTree = "<group>"; };
		6CB260AF250DF1A900328DAA /* BatteryIconView.swift */ = {isa = PBXFileReference; lastKnownFileType = sourcecode.swift; path = BatteryIconView.swift; sourceTree = "<group>"; };
		6CB26F7824E8310900E809FE /* SectionView.swift */ = {isa = PBXFileReference; lastKnownFileType = sourcecode.swift; path = SectionView.swift; sourceTree = "<group>"; };
		6CC0798B250CD793000D7DAC /* PreferenceGeneralView.swift */ = {isa = PBXFileReference; lastKnownFileType = sourcecode.swift; path = PreferenceGeneralView.swift; sourceTree = "<group>"; };
		6CDE6C7124F0007D00463114 /* StatusBarItem.swift */ = {isa = PBXFileReference; lastKnownFileType = sourcecode.swift; path = StatusBarItem.swift; sourceTree = "<group>"; };
		6CDE6C7324F0047600463114 /* SizeChangeView.swift */ = {isa = PBXFileReference; lastKnownFileType = sourcecode.swift; path = SizeChangeView.swift; sourceTree = "<group>"; };
		6CDE6C7524F10C8000463114 /* StatusBarManager.swift */ = {isa = PBXFileReference; lastKnownFileType = sourcecode.swift; path = StatusBarManager.swift; sourceTree = "<group>"; };
		6CDE6C7724F112D700463114 /* EulComponent.swift */ = {isa = PBXFileReference; lastKnownFileType = sourcecode.swift; path = EulComponent.swift; sourceTree = "<group>"; };
		6CDE6C7C24F2AB8800463114 /* NSMenuItem.swift */ = {isa = PBXFileReference; lastKnownFileType = sourcecode.swift; path = NSMenuItem.swift; sourceTree = "<group>"; };
		6CE33C7C252601BB00831857 /* Int.swift */ = {isa = PBXFileReference; lastKnownFileType = sourcecode.swift; path = Int.swift; sourceTree = "<group>"; };
		6CE33C7E25260E3D00831857 /* PreferenceRefreshRateView.swift */ = {isa = PBXFileReference; lastKnownFileType = sourcecode.swift; path = PreferenceRefreshRateView.swift; sourceTree = "<group>"; };
		6CEF771124DD94C8007C3640 /* BatteryStore.swift */ = {isa = PBXFileReference; lastKnownFileType = sourcecode.swift; path = BatteryStore.swift; sourceTree = "<group>"; };
		6CEF771324DD95D7007C3640 /* BatteryView.swift */ = {isa = PBXFileReference; lastKnownFileType = sourcecode.swift; path = BatteryView.swift; sourceTree = "<group>"; };
		6CF28D0C251758EE00EBE9CB /* StatusBarView.swift */ = {isa = PBXFileReference; lastKnownFileType = sourcecode.swift; path = StatusBarView.swift; sourceTree = "<group>"; };
/* End PBXFileReference section */

/* Begin PBXFrameworksBuildPhase section */
		6C5F8538249FACE000CF0EF8 /* Frameworks */ = {
			isa = PBXFrameworksBuildPhase;
			buildActionMask = 2147483647;
			files = (
				6CE7969325166916008BEB2B /* SwiftyJSON in Frameworks */,
				6C07E8A825167DBF00F728F9 /* LaunchAtLogin in Frameworks */,
				6CF28D0925168B8200EBE9CB /* SystemKit in Frameworks */,
				6C86924C251665A50009A784 /* Localize_Swift in Frameworks */,
			);
			runOnlyForDeploymentPostprocessing = 0;
		};
/* End PBXFrameworksBuildPhase section */

/* Begin PBXGroup section */
		6C1FA40524AA126400CA7F71 /* StatusBar */ = {
			isa = PBXGroup;
			children = (
				6CEF771324DD95D7007C3640 /* BatteryView.swift */,
				6C1FA3F724A70DF300CA7F71 /* CpuView.swift */,
				6C1FA40324A7187F00CA7F71 /* FanView.swift */,
				6C1FA40624AA127E00CA7F71 /* MemoryView.swift */,
				6C7DB6D424E7A75E00133B06 /* NetworkView.swift */,
				6CF28D0C251758EE00EBE9CB /* StatusBarView.swift */,
			);
			path = StatusBar;
			sourceTree = "<group>";
		};
		6C1FA40C24AA161900CA7F71 /* Schema */ = {
			isa = PBXGroup;
			children = (
				6CDE6C7724F112D700463114 /* EulComponent.swift */,
				6C7DB6E524E82C5A00133B06 /* Preference.swift */,
				6C1FA40D24AA162800CA7F71 /* Refreshable.swift */,
				6CDE6C7324F0047600463114 /* SizeChangeView.swift */,
				6C7DB6E724E82C7700133B06 /* StringEnum.swift */,
			);
			path = Schema;
			sourceTree = "<group>";
		};
		6C5F8532249FACE000CF0EF8 = {
			isa = PBXGroup;
			children = (
				6C5F853D249FACE000CF0EF8 /* eul */,
				6C5F853C249FACE000CF0EF8 /* Products */,
				6C9667D9250E3D6F00E51ABB /* .swiftformat */,
			);
			sourceTree = "<group>";
		};
		6C5F853C249FACE000CF0EF8 /* Products */ = {
			isa = PBXGroup;
			children = (
				6C5F853B249FACE000CF0EF8 /* eul.app */,
			);
			name = Products;
			sourceTree = "<group>";
		};
		6C5F853D249FACE000CF0EF8 /* eul */ = {
			isa = PBXGroup;
			children = (
				6C5F854B249FACE200CF0EF8 /* eul.entitlements */,
				6C5F854A249FACE200CF0EF8 /* Info.plist */,
				6C58053F250CC6B8007F467A /* Localizable.strings */,
				6C5F853E249FACE000CF0EF8 /* AppDelegate.swift */,
				6C5F8542249FACE200CF0EF8 /* Assets.xcassets */,
				6CAEED5224A5DE3800C39597 /* Extension */,
				6C5F8547249FACE200CF0EF8 /* Main.storyboard */,
				6C1FA40C24AA161900CA7F71 /* Schema */,
				6CDE6C7024F0005C00463114 /* StatusBar */,
				6CAEED5524A5E74200C39597 /* Store */,
				6C5F855924A5D9A500CF0EF8 /* Utilities */,
				6C5F855824A5D99600CF0EF8 /* Views */,
			);
			path = eul;
			sourceTree = "<group>";
		};
		6C5F855824A5D99600CF0EF8 /* Views */ = {
			isa = PBXGroup;
			children = (
				6CB26F7724E830FF00E809FE /* Components */,
				6C5F8540249FACE000CF0EF8 /* ContentView.swift */,
				6CDE6C7924F2AA3200463114 /* Menu */,
				6C7DB6D824E7C85200133B06 /* Preference */,
				6C1FA40524AA126400CA7F71 /* StatusBar */,
			);
			path = Views;
			sourceTree = "<group>";
		};
		6C5F855924A5D9A500CF0EF8 /* Utilities */ = {
			isa = PBXGroup;
			children = (
				6C7DB6D624E7A85C00133B06 /* ByteUnit.swift */,
				6C1FA3FD24A7118000CA7F71 /* Info.swift */,
				6C7DB6CE24E02F0600133B06 /* Shell.swift */,
				6CAEED6424A62DF800C39597 /* SMC.swift */,
				6C1FA3FF24A712AA00CA7F71 /* SmcControl.swift */,
			);
			path = Utilities;
			sourceTree = "<group>";
		};
		6C7DB6D824E7C85200133B06 /* Preference */ = {
			isa = PBXGroup;
			children = (
				6C7DB6E124E80F5100133B06 /* PreferenceComponentsView.swift */,
				6C7DB6E324E80F9400133B06 /* PreferenceDisplayView.swift */,
				6CC0798B250CD793000D7DAC /* PreferenceGeneralView.swift */,
				6CE33C7E25260E3D00831857 /* PreferenceRefreshRateView.swift */,
			);
			path = Preference;
			sourceTree = "<group>";
		};
		6CAEED5224A5DE3800C39597 /* Extension */ = {
			isa = PBXGroup;
			children = (
				6C7DB6DD24E8077700133B06 /* Animation.swift */,
				6CAEED5324A5DE4700C39597 /* Color.swift */,
				6C05F2C725120517004A0F72 /* Double.swift */,
				6CE33C7C252601BB00831857 /* Int.swift */,
				6CDE6C7C24F2AB8800463114 /* NSMenuItem.swift */,
				6C1FA40A24AA139300CA7F71 /* NSNotification.swift */,
				6C7DB6D224E0350700133B06 /* String.swift */,
				6CAEED6124A5F51600C39597 /* Text.swift */,
				6C4CCCF0250BA68B00590E0E /* View.swift */,
			);
			path = Extension;
			sourceTree = "<group>";
		};
		6CAEED5524A5E74200C39597 /* Store */ = {
			isa = PBXGroup;
			children = (
				6CEF771124DD94C8007C3640 /* BatteryStore.swift */,
				6C1FA3F924A70E6700CA7F71 /* CpuStore.swift */,
				6C1FA40F24AA1D4400CA7F71 /* FanStore.swift */,
				6C1FA41124AA1DC100CA7F71 /* MemoryStore.swift */,
				6C7DB6D024E0300E00133B06 /* NetworkStore.swift */,
				6C7DB6DB24E7FFE300133B06 /* PreferenceStore.swift */,
			);
			path = Store;
			sourceTree = "<group>";
		};
		6CB26F7724E830FF00E809FE /* Components */ = {
			isa = PBXGroup;
			children = (
				6CB26F7824E8310900E809FE /* SectionView.swift */,
				6C580539250CAEC3007F467A /* StatusBarTextView.swift */,
				6CB260AA250DE26900328DAA /* ActivityIndicatorView.swift */,
				6CB260AF250DF1A900328DAA /* BatteryIconView.swift */,
				6C33CECA251767C400345977 /* ProgressBarView.swift */,
				6C33CECE25177D8400345977 /* SeparatorView.swift */,
				6C993B8D2517909200586C6B /* MiniSectionView.swift */,
			);
			path = Components;
			sourceTree = "<group>";
		};
		6CDE6C7024F0005C00463114 /* StatusBar */ = {
			isa = PBXGroup;
			children = (
				6CDE6C7124F0007D00463114 /* StatusBarItem.swift */,
				6CDE6C7524F10C8000463114 /* StatusBarManager.swift */,
			);
			path = StatusBar;
			sourceTree = "<group>";
		};
		6CDE6C7924F2AA3200463114 /* Menu */ = {
			isa = PBXGroup;
			children = (
				6C33CEC82517634400345977 /* StatusMenuView.swift */,
				6C33CECC25177CE300345977 /* CpuMenuBlockView.swift */,
				6C993B892517868B00586C6B /* FanMenuBlockView.swift */,
				6C993B8B25178D3B00586C6B /* MemoryMenuBlockView.swift */,
				6C993B8F2517920600586C6B /* BatteryMenuBlockView.swift */,
			);
			path = Menu;
			sourceTree = "<group>";
		};
/* End PBXGroup section */

/* Begin PBXNativeTarget section */
		6C5F853A249FACE000CF0EF8 /* eul */ = {
			isa = PBXNativeTarget;
			buildConfigurationList = 6C5F854E249FACE200CF0EF8 /* Build configuration list for PBXNativeTarget "eul" */;
			buildPhases = (
				6C9667DA250E3DA200E51ABB /* SwiftFormat */,
				6C5F8537249FACE000CF0EF8 /* Sources */,
				6C5F8538249FACE000CF0EF8 /* Frameworks */,
				6C5F8539249FACE000CF0EF8 /* Resources */,
				6C4E880F24A6547000766E15 /* CopyFiles */,
				6CC6D7A4250E2810000B03D4 /* Embed Frameworks */,
				6CC0798D250CEE96000D7DAC /* Copy LaunchAtLogin helper */,
			);
			buildRules = (
			);
			dependencies = (
			);
			name = eul;
			packageProductDependencies = (
				6C86924B251665A50009A784 /* Localize_Swift */,
				6CE7969225166916008BEB2B /* SwiftyJSON */,
				6C07E8A725167DBF00F728F9 /* LaunchAtLogin */,
				6CF28D0825168B8200EBE9CB /* SystemKit */,
			);
			productName = eul;
			productReference = 6C5F853B249FACE000CF0EF8 /* eul.app */;
			productType = "com.apple.product-type.application";
		};
/* End PBXNativeTarget section */

/* Begin PBXProject section */
		6C5F8533249FACE000CF0EF8 /* Project object */ = {
			isa = PBXProject;
			attributes = {
				LastSwiftUpdateCheck = 1150;
				LastUpgradeCheck = 1200;
				ORGANIZATIONNAME = "Gao Sun";
				TargetAttributes = {
					6C5F853A249FACE000CF0EF8 = {
						CreatedOnToolsVersion = 11.5;
						LastSwiftMigration = 1150;
					};
				};
			};
			buildConfigurationList = 6C5F8536249FACE000CF0EF8 /* Build configuration list for PBXProject "eul" */;
			compatibilityVersion = "Xcode 9.3";
			developmentRegion = en;
			hasScannedForEncodings = 0;
			knownRegions = (
				en,
				Base,
				"zh-Hans",
			);
			mainGroup = 6C5F8532249FACE000CF0EF8;
			packageReferences = (
				6C86924A251665A50009A784 /* XCRemoteSwiftPackageReference "Localize-Swift" */,
				6CE7969125166916008BEB2B /* XCRemoteSwiftPackageReference "SwiftyJSON" */,
				6C07E8A625167DBF00F728F9 /* XCRemoteSwiftPackageReference "LaunchAtLogin" */,
				6CF28D0725168B8200EBE9CB /* XCRemoteSwiftPackageReference "SystemKit" */,
			);
			productRefGroup = 6C5F853C249FACE000CF0EF8 /* Products */;
			projectDirPath = "";
			projectRoot = "";
			targets = (
				6C5F853A249FACE000CF0EF8 /* eul */,
			);
		};
/* End PBXProject section */

/* Begin PBXResourcesBuildPhase section */
		6C5F8539249FACE000CF0EF8 /* Resources */ = {
			isa = PBXResourcesBuildPhase;
			buildActionMask = 2147483647;
			files = (
				6C5F8549249FACE200CF0EF8 /* Main.storyboard in Resources */,
				6C58053D250CC6B8007F467A /* Localizable.strings in Resources */,
				6C5F8543249FACE200CF0EF8 /* Assets.xcassets in Resources */,
			);
			runOnlyForDeploymentPostprocessing = 0;
		};
/* End PBXResourcesBuildPhase section */

/* Begin PBXShellScriptBuildPhase section */
		6C9667DA250E3DA200E51ABB /* SwiftFormat */ = {
			isa = PBXShellScriptBuildPhase;
			buildActionMask = 2147483647;
			files = (
			);
			inputFileListPaths = (
			);
			inputPaths = (
			);
			name = SwiftFormat;
			outputFileListPaths = (
			);
			outputPaths = (
			);
			runOnlyForDeploymentPostprocessing = 0;
			shellPath = /bin/sh;
			shellScript = "if which swiftformat >/dev/null; then\n  swiftformat .\nelse\n  echo \"warning: SwiftFormat not installed, download from https://github.com/nicklockwood/SwiftFormat\"\nfi\n";
		};
		6CC0798D250CEE96000D7DAC /* Copy LaunchAtLogin helper */ = {
			isa = PBXShellScriptBuildPhase;
			buildActionMask = 2147483647;
			files = (
			);
			inputFileListPaths = (
			);
			inputPaths = (
			);
			name = "Copy LaunchAtLogin helper";
			outputFileListPaths = (
			);
			outputPaths = (
			);
			runOnlyForDeploymentPostprocessing = 0;
			shellPath = /bin/sh;
			shellScript = "\"${BUILT_PRODUCTS_DIR}/LaunchAtLogin_LaunchAtLogin.bundle/Contents/Resources/copy-helper-swiftpm.sh\"\n";
		};
/* End PBXShellScriptBuildPhase section */

/* Begin PBXSourcesBuildPhase section */
		6C5F8537249FACE000CF0EF8 /* Sources */ = {
			isa = PBXSourcesBuildPhase;
			buildActionMask = 2147483647;
			files = (
				6CDE6C7824F112D700463114 /* EulComponent.swift in Sources */,
				6C7DB6DC24E7FFE300133B06 /* PreferenceStore.swift in Sources */,
				6C1FA40E24AA162800CA7F71 /* Refreshable.swift in Sources */,
				6C1FA40424A7187F00CA7F71 /* FanView.swift in Sources */,
				6C7DB6CF24E02F0600133B06 /* Shell.swift in Sources */,
				6CDE6C7D24F2AB8800463114 /* NSMenuItem.swift in Sources */,
				6CAEED6524A62DF800C39597 /* SMC.swift in Sources */,
				6C5F8541249FACE000CF0EF8 /* ContentView.swift in Sources */,
				6C5F853F249FACE000CF0EF8 /* AppDelegate.swift in Sources */,
				6C33CECB251767C400345977 /* ProgressBarView.swift in Sources */,
				6C58053A250CAEC3007F467A /* StatusBarTextView.swift in Sources */,
				6C7DB6E424E80F9400133B06 /* PreferenceDisplayView.swift in Sources */,
				6CE33C7F25260E3D00831857 /* PreferenceRefreshRateView.swift in Sources */,
				6C993B8A2517868B00586C6B /* FanMenuBlockView.swift in Sources */,
				6C993B8C25178D3B00586C6B /* MemoryMenuBlockView.swift in Sources */,
				6C7DB6DE24E8077700133B06 /* Animation.swift in Sources */,
				6CEF771424DD95D7007C3640 /* BatteryView.swift in Sources */,
				6C7DB6E624E82C5A00133B06 /* Preference.swift in Sources */,
				6C33CECF25177D8400345977 /* SeparatorView.swift in Sources */,
				6C993B8E2517909200586C6B /* MiniSectionView.swift in Sources */,
				6C1FA3F824A70DF300CA7F71 /* CpuView.swift in Sources */,
				6CB26F7924E8310900E809FE /* SectionView.swift in Sources */,
				6C1FA40024A712AA00CA7F71 /* SmcControl.swift in Sources */,
				6C33CECD25177CE300345977 /* CpuMenuBlockView.swift in Sources */,
				6CAEED6224A5F51600C39597 /* Text.swift in Sources */,
				6CF28D0D251758EE00EBE9CB /* StatusBarView.swift in Sources */,
				6C7DB6D324E0350700133B06 /* String.swift in Sources */,
				6C1FA3FA24A70E6700CA7F71 /* CpuStore.swift in Sources */,
				6CB260B0250DF1A900328DAA /* BatteryIconView.swift in Sources */,
				6CDE6C7624F10C8000463114 /* StatusBarManager.swift in Sources */,
				6CEF771224DD94C8007C3640 /* BatteryStore.swift in Sources */,
				6C1FA41024AA1D4400CA7F71 /* FanStore.swift in Sources */,
				6CAEED5424A5DE4700C39597 /* Color.swift in Sources */,
				6CB260AB250DE26900328DAA /* ActivityIndicatorView.swift in Sources */,
				6CDE6C7224F0007D00463114 /* StatusBarItem.swift in Sources */,
				6C1FA40B24AA139300CA7F71 /* NSNotification.swift in Sources */,
				6C7DB6D524E7A75E00133B06 /* NetworkView.swift in Sources */,
				6C7DB6E824E82C7700133B06 /* StringEnum.swift in Sources */,
				6CC0798C250CD793000D7DAC /* PreferenceGeneralView.swift in Sources */,
				6C1FA40724AA127E00CA7F71 /* MemoryView.swift in Sources */,
				6CDE6C7424F0047600463114 /* SizeChangeView.swift in Sources */,
				6C1FA41224AA1DC100CA7F71 /* MemoryStore.swift in Sources */,
				6C7DB6D724E7A85C00133B06 /* ByteUnit.swift in Sources */,
				6C4CCCF1250BA68B00590E0E /* View.swift in Sources */,
				6C7DB6E224E80F5100133B06 /* PreferenceComponentsView.swift in Sources */,
				6C1FA3FE24A7118000CA7F71 /* Info.swift in Sources */,
				6C05F2C825120517004A0F72 /* Double.swift in Sources */,
				6C993B902517920600586C6B /* BatteryMenuBlockView.swift in Sources */,
				6CE33C7D252601BB00831857 /* Int.swift in Sources */,
				6C7DB6D124E0300E00133B06 /* NetworkStore.swift in Sources */,
				6C33CEC92517634400345977 /* StatusMenuView.swift in Sources */,
			);
			runOnlyForDeploymentPostprocessing = 0;
		};
/* End PBXSourcesBuildPhase section */

/* Begin PBXVariantGroup section */
		6C58053F250CC6B8007F467A /* Localizable.strings */ = {
			isa = PBXVariantGroup;
			children = (
				6C58053E250CC6B8007F467A /* en */,
				6C580540250CC74A007F467A /* zh-Hans */,
			);
			name = Localizable.strings;
			sourceTree = "<group>";
		};
		6C5F8547249FACE200CF0EF8 /* Main.storyboard */ = {
			isa = PBXVariantGroup;
			children = (
				6C5F8548249FACE200CF0EF8 /* Base */,
			);
			name = Main.storyboard;
			sourceTree = "<group>";
		};
/* End PBXVariantGroup section */

/* Begin XCBuildConfiguration section */
		6C5F854C249FACE200CF0EF8 /* Debug */ = {
			isa = XCBuildConfiguration;
			buildSettings = {
				ALWAYS_SEARCH_USER_PATHS = NO;
				CLANG_ANALYZER_LOCALIZABILITY_NONLOCALIZED = YES;
				CLANG_ANALYZER_NONNULL = YES;
				CLANG_ANALYZER_NUMBER_OBJECT_CONVERSION = YES_AGGRESSIVE;
				CLANG_CXX_LANGUAGE_STANDARD = "gnu++14";
				CLANG_CXX_LIBRARY = "libc++";
				CLANG_ENABLE_MODULES = YES;
				CLANG_ENABLE_OBJC_ARC = YES;
				CLANG_ENABLE_OBJC_WEAK = YES;
				CLANG_WARN_BLOCK_CAPTURE_AUTORELEASING = YES;
				CLANG_WARN_BOOL_CONVERSION = YES;
				CLANG_WARN_COMMA = YES;
				CLANG_WARN_CONSTANT_CONVERSION = YES;
				CLANG_WARN_DEPRECATED_OBJC_IMPLEMENTATIONS = YES;
				CLANG_WARN_DIRECT_OBJC_ISA_USAGE = YES_ERROR;
				CLANG_WARN_DOCUMENTATION_COMMENTS = YES;
				CLANG_WARN_EMPTY_BODY = YES;
				CLANG_WARN_ENUM_CONVERSION = YES;
				CLANG_WARN_INFINITE_RECURSION = YES;
				CLANG_WARN_INT_CONVERSION = YES;
				CLANG_WARN_NON_LITERAL_NULL_CONVERSION = YES;
				CLANG_WARN_OBJC_IMPLICIT_RETAIN_SELF = YES;
				CLANG_WARN_OBJC_LITERAL_CONVERSION = YES;
				CLANG_WARN_OBJC_ROOT_CLASS = YES_ERROR;
				CLANG_WARN_QUOTED_INCLUDE_IN_FRAMEWORK_HEADER = YES;
				CLANG_WARN_RANGE_LOOP_ANALYSIS = YES;
				CLANG_WARN_STRICT_PROTOTYPES = YES;
				CLANG_WARN_SUSPICIOUS_MOVE = YES;
				CLANG_WARN_UNGUARDED_AVAILABILITY = YES_AGGRESSIVE;
				CLANG_WARN_UNREACHABLE_CODE = YES;
				CLANG_WARN__DUPLICATE_METHOD_MATCH = YES;
				COPY_PHASE_STRIP = NO;
				DEBUG_INFORMATION_FORMAT = dwarf;
				ENABLE_STRICT_OBJC_MSGSEND = YES;
				ENABLE_TESTABILITY = YES;
				GCC_C_LANGUAGE_STANDARD = gnu11;
				GCC_DYNAMIC_NO_PIC = NO;
				GCC_NO_COMMON_BLOCKS = YES;
				GCC_OPTIMIZATION_LEVEL = 0;
				GCC_PREPROCESSOR_DEFINITIONS = (
					"DEBUG=1",
					"$(inherited)",
				);
				GCC_WARN_64_TO_32_BIT_CONVERSION = YES;
				GCC_WARN_ABOUT_RETURN_TYPE = YES_ERROR;
				GCC_WARN_UNDECLARED_SELECTOR = YES;
				GCC_WARN_UNINITIALIZED_AUTOS = YES_AGGRESSIVE;
				GCC_WARN_UNUSED_FUNCTION = YES;
				GCC_WARN_UNUSED_VARIABLE = YES;
				MACOSX_DEPLOYMENT_TARGET = 10.15;
				MTL_ENABLE_DEBUG_INFO = INCLUDE_SOURCE;
				MTL_FAST_MATH = YES;
				ONLY_ACTIVE_ARCH = YES;
				SDKROOT = macosx;
				SWIFT_ACTIVE_COMPILATION_CONDITIONS = DEBUG;
				SWIFT_OPTIMIZATION_LEVEL = "-Onone";
			};
			name = Debug;
		};
		6C5F854D249FACE200CF0EF8 /* Release */ = {
			isa = XCBuildConfiguration;
			buildSettings = {
				ALWAYS_SEARCH_USER_PATHS = NO;
				CLANG_ANALYZER_LOCALIZABILITY_NONLOCALIZED = YES;
				CLANG_ANALYZER_NONNULL = YES;
				CLANG_ANALYZER_NUMBER_OBJECT_CONVERSION = YES_AGGRESSIVE;
				CLANG_CXX_LANGUAGE_STANDARD = "gnu++14";
				CLANG_CXX_LIBRARY = "libc++";
				CLANG_ENABLE_MODULES = YES;
				CLANG_ENABLE_OBJC_ARC = YES;
				CLANG_ENABLE_OBJC_WEAK = YES;
				CLANG_WARN_BLOCK_CAPTURE_AUTORELEASING = YES;
				CLANG_WARN_BOOL_CONVERSION = YES;
				CLANG_WARN_COMMA = YES;
				CLANG_WARN_CONSTANT_CONVERSION = YES;
				CLANG_WARN_DEPRECATED_OBJC_IMPLEMENTATIONS = YES;
				CLANG_WARN_DIRECT_OBJC_ISA_USAGE = YES_ERROR;
				CLANG_WARN_DOCUMENTATION_COMMENTS = YES;
				CLANG_WARN_EMPTY_BODY = YES;
				CLANG_WARN_ENUM_CONVERSION = YES;
				CLANG_WARN_INFINITE_RECURSION = YES;
				CLANG_WARN_INT_CONVERSION = YES;
				CLANG_WARN_NON_LITERAL_NULL_CONVERSION = YES;
				CLANG_WARN_OBJC_IMPLICIT_RETAIN_SELF = YES;
				CLANG_WARN_OBJC_LITERAL_CONVERSION = YES;
				CLANG_WARN_OBJC_ROOT_CLASS = YES_ERROR;
				CLANG_WARN_QUOTED_INCLUDE_IN_FRAMEWORK_HEADER = YES;
				CLANG_WARN_RANGE_LOOP_ANALYSIS = YES;
				CLANG_WARN_STRICT_PROTOTYPES = YES;
				CLANG_WARN_SUSPICIOUS_MOVE = YES;
				CLANG_WARN_UNGUARDED_AVAILABILITY = YES_AGGRESSIVE;
				CLANG_WARN_UNREACHABLE_CODE = YES;
				CLANG_WARN__DUPLICATE_METHOD_MATCH = YES;
				COPY_PHASE_STRIP = NO;
				DEBUG_INFORMATION_FORMAT = "dwarf-with-dsym";
				ENABLE_NS_ASSERTIONS = NO;
				ENABLE_STRICT_OBJC_MSGSEND = YES;
				GCC_C_LANGUAGE_STANDARD = gnu11;
				GCC_NO_COMMON_BLOCKS = YES;
				GCC_WARN_64_TO_32_BIT_CONVERSION = YES;
				GCC_WARN_ABOUT_RETURN_TYPE = YES_ERROR;
				GCC_WARN_UNDECLARED_SELECTOR = YES;
				GCC_WARN_UNINITIALIZED_AUTOS = YES_AGGRESSIVE;
				GCC_WARN_UNUSED_FUNCTION = YES;
				GCC_WARN_UNUSED_VARIABLE = YES;
				MACOSX_DEPLOYMENT_TARGET = 10.15;
				MTL_ENABLE_DEBUG_INFO = NO;
				MTL_FAST_MATH = YES;
				SDKROOT = macosx;
				SWIFT_COMPILATION_MODE = wholemodule;
				SWIFT_OPTIMIZATION_LEVEL = "-O";
			};
			name = Release;
		};
		6C5F854F249FACE200CF0EF8 /* Debug */ = {
			isa = XCBuildConfiguration;
			buildSettings = {
				ASSETCATALOG_COMPILER_APPICON_NAME = AppIcon;
				CLANG_ENABLE_MODULES = YES;
				CODE_SIGN_ENTITLEMENTS = eul/eul.entitlements;
				CODE_SIGN_IDENTITY = "Apple Development";
				CODE_SIGN_STYLE = Automatic;
				COMBINE_HIDPI_IMAGES = YES;
				CURRENT_PROJECT_VERSION = 9;
				DEVELOPMENT_ASSET_PATHS = "";
				DEVELOPMENT_TEAM = M8G2RFZVFV;
				ENABLE_HARDENED_RUNTIME = YES;
				ENABLE_PREVIEWS = YES;
				FRAMEWORK_SEARCH_PATHS = "$(inherited)";
				INFOPLIST_FILE = eul/Info.plist;
				LD_RUNPATH_SEARCH_PATHS = (
					"$(inherited)",
					"@executable_path/../Frameworks",
				);
				MACOSX_DEPLOYMENT_TARGET = 10.15;
				MARKETING_VERSION = 1.1.1;
				PRODUCT_BUNDLE_IDENTIFIER = com.gaosun.eul;
				PRODUCT_NAME = "$(TARGET_NAME)";
				SWIFT_OBJC_BRIDGING_HEADER = "";
				SWIFT_OPTIMIZATION_LEVEL = "-Onone";
				SWIFT_VERSION = 5.0;
			};
			name = Debug;
		};
		6C5F8550249FACE200CF0EF8 /* Release */ = {
			isa = XCBuildConfiguration;
			buildSettings = {
				ASSETCATALOG_COMPILER_APPICON_NAME = AppIcon;
				CLANG_ENABLE_MODULES = YES;
				CODE_SIGN_ENTITLEMENTS = eul/eul.entitlements;
				CODE_SIGN_IDENTITY = "Apple Development";
				CODE_SIGN_STYLE = Automatic;
				COMBINE_HIDPI_IMAGES = YES;
				CURRENT_PROJECT_VERSION = 9;
				DEVELOPMENT_ASSET_PATHS = "";
				DEVELOPMENT_TEAM = M8G2RFZVFV;
				ENABLE_HARDENED_RUNTIME = YES;
				ENABLE_PREVIEWS = YES;
				FRAMEWORK_SEARCH_PATHS = "$(inherited)";
				INFOPLIST_FILE = eul/Info.plist;
				LD_RUNPATH_SEARCH_PATHS = (
					"$(inherited)",
					"@executable_path/../Frameworks",
				);
				MACOSX_DEPLOYMENT_TARGET = 10.15;
				MARKETING_VERSION = 1.1.1;
				PRODUCT_BUNDLE_IDENTIFIER = com.gaosun.eul;
				PRODUCT_NAME = "$(TARGET_NAME)";
				SWIFT_OBJC_BRIDGING_HEADER = "";
				SWIFT_VERSION = 5.0;
			};
			name = Release;
		};
/* End XCBuildConfiguration section */

/* Begin XCConfigurationList section */
		6C5F8536249FACE000CF0EF8 /* Build configuration list for PBXProject "eul" */ = {
			isa = XCConfigurationList;
			buildConfigurations = (
				6C5F854C249FACE200CF0EF8 /* Debug */,
				6C5F854D249FACE200CF0EF8 /* Release */,
			);
			defaultConfigurationIsVisible = 0;
			defaultConfigurationName = Release;
		};
		6C5F854E249FACE200CF0EF8 /* Build configuration list for PBXNativeTarget "eul" */ = {
			isa = XCConfigurationList;
			buildConfigurations = (
				6C5F854F249FACE200CF0EF8 /* Debug */,
				6C5F8550249FACE200CF0EF8 /* Release */,
			);
			defaultConfigurationIsVisible = 0;
			defaultConfigurationName = Release;
		};
/* End XCConfigurationList section */

/* Begin XCRemoteSwiftPackageReference section */
		6C07E8A625167DBF00F728F9 /* XCRemoteSwiftPackageReference "LaunchAtLogin" */ = {
			isa = XCRemoteSwiftPackageReference;
			repositoryURL = "https://github.com/sindresorhus/LaunchAtLogin";
			requirement = {
				kind = upToNextMajorVersion;
				minimumVersion = 4.0.0;
			};
		};
		6C86924A251665A50009A784 /* XCRemoteSwiftPackageReference "Localize-Swift" */ = {
			isa = XCRemoteSwiftPackageReference;
			repositoryURL = "https://github.com/marmelroy/Localize-Swift";
			requirement = {
				kind = upToNextMajorVersion;
				minimumVersion = 3.1.0;
			};
		};
		6CE7969125166916008BEB2B /* XCRemoteSwiftPackageReference "SwiftyJSON" */ = {
			isa = XCRemoteSwiftPackageReference;
			repositoryURL = "https://github.com/SwiftyJSON/SwiftyJSON";
			requirement = {
				kind = upToNextMajorVersion;
				minimumVersion = 5.0.0;
			};
		};
		6CF28D0725168B8200EBE9CB /* XCRemoteSwiftPackageReference "SystemKit" */ = {
			isa = XCRemoteSwiftPackageReference;
			repositoryURL = "https://github.com/gao-sun/SystemKit";
			requirement = {
				kind = upToNextMajorVersion;
				minimumVersion = 0.0.10;
			};
		};
/* End XCRemoteSwiftPackageReference section */

/* Begin XCSwiftPackageProductDependency section */
		6C07E8A725167DBF00F728F9 /* LaunchAtLogin */ = {
			isa = XCSwiftPackageProductDependency;
			package = 6C07E8A625167DBF00F728F9 /* XCRemoteSwiftPackageReference "LaunchAtLogin" */;
			productName = LaunchAtLogin;
		};
		6C86924B251665A50009A784 /* Localize_Swift */ = {
			isa = XCSwiftPackageProductDependency;
			package = 6C86924A251665A50009A784 /* XCRemoteSwiftPackageReference "Localize-Swift" */;
			productName = Localize_Swift;
		};
		6CE7969225166916008BEB2B /* SwiftyJSON */ = {
			isa = XCSwiftPackageProductDependency;
			package = 6CE7969125166916008BEB2B /* XCRemoteSwiftPackageReference "SwiftyJSON" */;
			productName = SwiftyJSON;
		};
		6CF28D0825168B8200EBE9CB /* SystemKit */ = {
			isa = XCSwiftPackageProductDependency;
			package = 6CF28D0725168B8200EBE9CB /* XCRemoteSwiftPackageReference "SystemKit" */;
			productName = SystemKit;
		};
/* End XCSwiftPackageProductDependency section */
	};
	rootObject = 6C5F8533249FACE000CF0EF8 /* Project object */;
}
