// !$*UTF8*$!
{
	archiveVersion = 1;
	classes = {
	};
	objectVersion = 50;
	objects = {

/* Begin PBXBuildFile section */
		6C1FA3F824A70DF300CA7F71 /* CpuView.swift in Sources */ = {isa = PBXBuildFile; fileRef = 6C1FA3F724A70DF300CA7F71 /* CpuView.swift */; };
		6C1FA3FA24A70E6700CA7F71 /* CpuStore.swift in Sources */ = {isa = PBXBuildFile; fileRef = 6C1FA3F924A70E6700CA7F71 /* CpuStore.swift */; };
		6C1FA3FE24A7118000CA7F71 /* Info.swift in Sources */ = {isa = PBXBuildFile; fileRef = 6C1FA3FD24A7118000CA7F71 /* Info.swift */; };
		6C1FA40024A712AA00CA7F71 /* SmcControl.swift in Sources */ = {isa = PBXBuildFile; fileRef = 6C1FA3FF24A712AA00CA7F71 /* SmcControl.swift */; };
		6C1FA40224A716F600CA7F71 /* StatusBarView.swift in Sources */ = {isa = PBXBuildFile; fileRef = 6C1FA40124A716F600CA7F71 /* StatusBarView.swift */; };
		6C1FA40424A7187F00CA7F71 /* FanView.swift in Sources */ = {isa = PBXBuildFile; fileRef = 6C1FA40324A7187F00CA7F71 /* FanView.swift */; };
		6C1FA40724AA127E00CA7F71 /* MemoryView.swift in Sources */ = {isa = PBXBuildFile; fileRef = 6C1FA40624AA127E00CA7F71 /* MemoryView.swift */; };
		6C1FA40B24AA139300CA7F71 /* NSNotification.swift in Sources */ = {isa = PBXBuildFile; fileRef = 6C1FA40A24AA139300CA7F71 /* NSNotification.swift */; };
		6C1FA40E24AA162800CA7F71 /* Refreshable.swift in Sources */ = {isa = PBXBuildFile; fileRef = 6C1FA40D24AA162800CA7F71 /* Refreshable.swift */; };
		6C1FA41024AA1D4400CA7F71 /* FanStore.swift in Sources */ = {isa = PBXBuildFile; fileRef = 6C1FA40F24AA1D4400CA7F71 /* FanStore.swift */; };
		6C1FA41224AA1DC100CA7F71 /* MemoryStore.swift in Sources */ = {isa = PBXBuildFile; fileRef = 6C1FA41124AA1DC100CA7F71 /* MemoryStore.swift */; };
		6C4E880C24A6545E00766E15 /* SystemKit.framework in Frameworks */ = {isa = PBXBuildFile; fileRef = 6C4E880B24A6545E00766E15 /* SystemKit.framework */; };
		6C4E880D24A6545E00766E15 /* SystemKit.framework in Embed Frameworks */ = {isa = PBXBuildFile; fileRef = 6C4E880B24A6545E00766E15 /* SystemKit.framework */; settings = {ATTRIBUTES = (CodeSignOnCopy, RemoveHeadersOnCopy, ); }; };
		6C4E881124A6548E00766E15 /* SystemKit.framework.dSYM in CopyFiles */ = {isa = PBXBuildFile; fileRef = 6C4E881024A6548D00766E15 /* SystemKit.framework.dSYM */; };
		6C5F853F249FACE000CF0EF8 /* AppDelegate.swift in Sources */ = {isa = PBXBuildFile; fileRef = 6C5F853E249FACE000CF0EF8 /* AppDelegate.swift */; };
		6C5F8541249FACE000CF0EF8 /* ContentView.swift in Sources */ = {isa = PBXBuildFile; fileRef = 6C5F8540249FACE000CF0EF8 /* ContentView.swift */; };
		6C5F8543249FACE200CF0EF8 /* Assets.xcassets in Resources */ = {isa = PBXBuildFile; fileRef = 6C5F8542249FACE200CF0EF8 /* Assets.xcassets */; };
		6C5F8546249FACE200CF0EF8 /* Preview Assets.xcassets in Resources */ = {isa = PBXBuildFile; fileRef = 6C5F8545249FACE200CF0EF8 /* Preview Assets.xcassets */; };
		6C5F8549249FACE200CF0EF8 /* Main.storyboard in Resources */ = {isa = PBXBuildFile; fileRef = 6C5F8547249FACE200CF0EF8 /* Main.storyboard */; };
		6C5F855C24A5DA1300CF0EF8 /* MenuItemView.swift in Sources */ = {isa = PBXBuildFile; fileRef = 6C5F855B24A5DA1300CF0EF8 /* MenuItemView.swift */; };
		6CAEED5424A5DE4700C39597 /* Color.swift in Sources */ = {isa = PBXBuildFile; fileRef = 6CAEED5324A5DE4700C39597 /* Color.swift */; };
		6CAEED6224A5F51600C39597 /* Text.swift in Sources */ = {isa = PBXBuildFile; fileRef = 6CAEED6124A5F51600C39597 /* Text.swift */; };
		6CAEED6524A62DF800C39597 /* SMC.swift in Sources */ = {isa = PBXBuildFile; fileRef = 6CAEED6424A62DF800C39597 /* SMC.swift */; };
/* End PBXBuildFile section */

/* Begin PBXCopyFilesBuildPhase section */
		6C4E880E24A6545E00766E15 /* Embed Frameworks */ = {
			isa = PBXCopyFilesBuildPhase;
			buildActionMask = 2147483647;
			dstPath = "";
			dstSubfolderSpec = 10;
			files = (
				6C4E880D24A6545E00766E15 /* SystemKit.framework in Embed Frameworks */,
			);
			name = "Embed Frameworks";
			runOnlyForDeploymentPostprocessing = 0;
		};
		6C4E880F24A6547000766E15 /* CopyFiles */ = {
			isa = PBXCopyFilesBuildPhase;
			buildActionMask = 2147483647;
			dstPath = "";
			dstSubfolderSpec = 16;
			files = (
				6C4E881124A6548E00766E15 /* SystemKit.framework.dSYM in CopyFiles */,
			);
			runOnlyForDeploymentPostprocessing = 0;
		};
/* End PBXCopyFilesBuildPhase section */

/* Begin PBXFileReference section */
		6C1FA3F724A70DF300CA7F71 /* CpuView.swift */ = {isa = PBXFileReference; lastKnownFileType = sourcecode.swift; path = CpuView.swift; sourceTree = "<group>"; };
		6C1FA3F924A70E6700CA7F71 /* CpuStore.swift */ = {isa = PBXFileReference; lastKnownFileType = sourcecode.swift; path = CpuStore.swift; sourceTree = "<group>"; };
		6C1FA3FD24A7118000CA7F71 /* Info.swift */ = {isa = PBXFileReference; lastKnownFileType = sourcecode.swift; path = Info.swift; sourceTree = "<group>"; };
		6C1FA3FF24A712AA00CA7F71 /* SmcControl.swift */ = {isa = PBXFileReference; lastKnownFileType = sourcecode.swift; path = SmcControl.swift; sourceTree = "<group>"; };
		6C1FA40124A716F600CA7F71 /* StatusBarView.swift */ = {isa = PBXFileReference; lastKnownFileType = sourcecode.swift; path = StatusBarView.swift; sourceTree = "<group>"; };
		6C1FA40324A7187F00CA7F71 /* FanView.swift */ = {isa = PBXFileReference; lastKnownFileType = sourcecode.swift; path = FanView.swift; sourceTree = "<group>"; };
		6C1FA40624AA127E00CA7F71 /* MemoryView.swift */ = {isa = PBXFileReference; lastKnownFileType = sourcecode.swift; path = MemoryView.swift; sourceTree = "<group>"; };
		6C1FA40A24AA139300CA7F71 /* NSNotification.swift */ = {isa = PBXFileReference; lastKnownFileType = sourcecode.swift; path = NSNotification.swift; sourceTree = "<group>"; };
		6C1FA40D24AA162800CA7F71 /* Refreshable.swift */ = {isa = PBXFileReference; lastKnownFileType = sourcecode.swift; path = Refreshable.swift; sourceTree = "<group>"; };
		6C1FA40F24AA1D4400CA7F71 /* FanStore.swift */ = {isa = PBXFileReference; lastKnownFileType = sourcecode.swift; path = FanStore.swift; sourceTree = "<group>"; };
		6C1FA41124AA1DC100CA7F71 /* MemoryStore.swift */ = {isa = PBXFileReference; lastKnownFileType = sourcecode.swift; path = MemoryStore.swift; sourceTree = "<group>"; };
		6C4E880824A649BC00766E15 /* Cartfile */ = {isa = PBXFileReference; lastKnownFileType = text; path = Cartfile; sourceTree = "<group>"; };
		6C4E880B24A6545E00766E15 /* SystemKit.framework */ = {isa = PBXFileReference; lastKnownFileType = wrapper.framework; name = SystemKit.framework; path = Carthage/Build/Mac/SystemKit.framework; sourceTree = "<group>"; };
		6C4E881024A6548D00766E15 /* SystemKit.framework.dSYM */ = {isa = PBXFileReference; lastKnownFileType = wrapper.dsym; name = SystemKit.framework.dSYM; path = Carthage/Build/Mac/SystemKit.framework.dSYM; sourceTree = "<group>"; };
		6C5F853B249FACE000CF0EF8 /* eul.app */ = {isa = PBXFileReference; explicitFileType = wrapper.application; includeInIndex = 0; path = eul.app; sourceTree = BUILT_PRODUCTS_DIR; };
		6C5F853E249FACE000CF0EF8 /* AppDelegate.swift */ = {isa = PBXFileReference; lastKnownFileType = sourcecode.swift; path = AppDelegate.swift; sourceTree = "<group>"; };
		6C5F8540249FACE000CF0EF8 /* ContentView.swift */ = {isa = PBXFileReference; lastKnownFileType = sourcecode.swift; path = ContentView.swift; sourceTree = "<group>"; };
		6C5F8542249FACE200CF0EF8 /* Assets.xcassets */ = {isa = PBXFileReference; lastKnownFileType = folder.assetcatalog; path = Assets.xcassets; sourceTree = "<group>"; };
		6C5F8545249FACE200CF0EF8 /* Preview Assets.xcassets */ = {isa = PBXFileReference; lastKnownFileType = folder.assetcatalog; path = "Preview Assets.xcassets"; sourceTree = "<group>"; };
		6C5F8548249FACE200CF0EF8 /* Base */ = {isa = PBXFileReference; lastKnownFileType = file.storyboard; name = Base; path = Base.lproj/Main.storyboard; sourceTree = "<group>"; };
		6C5F854A249FACE200CF0EF8 /* Info.plist */ = {isa = PBXFileReference; lastKnownFileType = text.plist.xml; path = Info.plist; sourceTree = "<group>"; };
		6C5F854B249FACE200CF0EF8 /* eul.entitlements */ = {isa = PBXFileReference; lastKnownFileType = text.plist.entitlements; path = eul.entitlements; sourceTree = "<group>"; };
		6C5F8551249FAF3C00CF0EF8 /* eul-Bridging-Header.h */ = {isa = PBXFileReference; lastKnownFileType = sourcecode.c.h; path = "eul-Bridging-Header.h"; sourceTree = "<group>"; };
		6C5F855B24A5DA1300CF0EF8 /* MenuItemView.swift */ = {isa = PBXFileReference; lastKnownFileType = sourcecode.swift; path = MenuItemView.swift; sourceTree = "<group>"; };
		6CAEED5324A5DE4700C39597 /* Color.swift */ = {isa = PBXFileReference; lastKnownFileType = sourcecode.swift; path = Color.swift; sourceTree = "<group>"; };
		6CAEED6124A5F51600C39597 /* Text.swift */ = {isa = PBXFileReference; lastKnownFileType = sourcecode.swift; path = Text.swift; sourceTree = "<group>"; };
		6CAEED6424A62DF800C39597 /* SMC.swift */ = {isa = PBXFileReference; lastKnownFileType = sourcecode.swift; path = SMC.swift; sourceTree = "<group>"; };
/* End PBXFileReference section */

/* Begin PBXFrameworksBuildPhase section */
		6C5F8538249FACE000CF0EF8 /* Frameworks */ = {
			isa = PBXFrameworksBuildPhase;
			buildActionMask = 2147483647;
			files = (
				6C4E880C24A6545E00766E15 /* SystemKit.framework in Frameworks */,
			);
			runOnlyForDeploymentPostprocessing = 0;
		};
/* End PBXFrameworksBuildPhase section */

/* Begin PBXGroup section */
		6C1FA40524AA126400CA7F71 /* StatusBar */ = {
			isa = PBXGroup;
			children = (
				6C1FA3F724A70DF300CA7F71 /* CpuView.swift */,
				6C1FA40324A7187F00CA7F71 /* FanView.swift */,
				6C1FA40624AA127E00CA7F71 /* MemoryView.swift */,
			);
			path = StatusBar;
			sourceTree = "<group>";
		};
		6C1FA40C24AA161900CA7F71 /* Schema */ = {
			isa = PBXGroup;
			children = (
				6C1FA40D24AA162800CA7F71 /* Refreshable.swift */,
			);
			path = Schema;
			sourceTree = "<group>";
		};
		6C4E880A24A6545E00766E15 /* Frameworks */ = {
			isa = PBXGroup;
			children = (
				6C4E881024A6548D00766E15 /* SystemKit.framework.dSYM */,
				6C4E880B24A6545E00766E15 /* SystemKit.framework */,
			);
			name = Frameworks;
			sourceTree = "<group>";
		};
		6C5F8532249FACE000CF0EF8 = {
			isa = PBXGroup;
			children = (
				6C5F853D249FACE000CF0EF8 /* eul */,
				6C5F853C249FACE000CF0EF8 /* Products */,
				6C4E880824A649BC00766E15 /* Cartfile */,
				6C4E880A24A6545E00766E15 /* Frameworks */,
			);
			sourceTree = "<group>";
		};
		6C5F853C249FACE000CF0EF8 /* Products */ = {
			isa = PBXGroup;
			children = (
				6C5F853B249FACE000CF0EF8 /* eul.app */,
			);
			name = Products;
			sourceTree = "<group>";
		};
		6C5F853D249FACE000CF0EF8 /* eul */ = {
			isa = PBXGroup;
			children = (
				6C1FA40C24AA161900CA7F71 /* Schema */,
				6CAEED5224A5DE3800C39597 /* Extension */,
				6C5F855924A5D9A500CF0EF8 /* Utilities */,
				6C5F855824A5D99600CF0EF8 /* Views */,
				6CAEED5524A5E74200C39597 /* Store */,
				6C5F853E249FACE000CF0EF8 /* AppDelegate.swift */,
				6C5F8542249FACE200CF0EF8 /* Assets.xcassets */,
				6C5F8547249FACE200CF0EF8 /* Main.storyboard */,
				6C5F854A249FACE200CF0EF8 /* Info.plist */,
				6C5F854B249FACE200CF0EF8 /* eul.entitlements */,
				6C5F8551249FAF3C00CF0EF8 /* eul-Bridging-Header.h */,
				6C5F8544249FACE200CF0EF8 /* Preview Content */,
			);
			path = eul;
			sourceTree = "<group>";
		};
		6C5F8544249FACE200CF0EF8 /* Preview Content */ = {
			isa = PBXGroup;
			children = (
				6C5F8545249FACE200CF0EF8 /* Preview Assets.xcassets */,
			);
			path = "Preview Content";
			sourceTree = "<group>";
		};
		6C5F855824A5D99600CF0EF8 /* Views */ = {
			isa = PBXGroup;
			children = (
				6C1FA40524AA126400CA7F71 /* StatusBar */,
				6C5F8540249FACE000CF0EF8 /* ContentView.swift */,
				6C5F855B24A5DA1300CF0EF8 /* MenuItemView.swift */,
				6C1FA40124A716F600CA7F71 /* StatusBarView.swift */,
			);
			path = Views;
			sourceTree = "<group>";
		};
		6C5F855924A5D9A500CF0EF8 /* Utilities */ = {
			isa = PBXGroup;
			children = (
				6CAEED6424A62DF800C39597 /* SMC.swift */,
				6C1FA3FF24A712AA00CA7F71 /* SmcControl.swift */,
				6C1FA3FD24A7118000CA7F71 /* Info.swift */,
			);
			path = Utilities;
			sourceTree = "<group>";
		};
		6CAEED5224A5DE3800C39597 /* Extension */ = {
			isa = PBXGroup;
			children = (
				6CAEED5324A5DE4700C39597 /* Color.swift */,
				6CAEED6124A5F51600C39597 /* Text.swift */,
				6C1FA40A24AA139300CA7F71 /* NSNotification.swift */,
			);
			path = Extension;
			sourceTree = "<group>";
		};
		6CAEED5524A5E74200C39597 /* Store */ = {
			isa = PBXGroup;
			children = (
				6C1FA3F924A70E6700CA7F71 /* CpuStore.swift */,
				6C1FA40F24AA1D4400CA7F71 /* FanStore.swift */,
				6C1FA41124AA1DC100CA7F71 /* MemoryStore.swift */,
			);
			path = Store;
			sourceTree = "<group>";
		};
/* End PBXGroup section */

/* Begin PBXNativeTarget section */
		6C5F853A249FACE000CF0EF8 /* eul */ = {
			isa = PBXNativeTarget;
			buildConfigurationList = 6C5F854E249FACE200CF0EF8 /* Build configuration list for PBXNativeTarget "eul" */;
			buildPhases = (
				6C5F8537249FACE000CF0EF8 /* Sources */,
				6C5F8538249FACE000CF0EF8 /* Frameworks */,
				6C5F8539249FACE000CF0EF8 /* Resources */,
				6C4E880E24A6545E00766E15 /* Embed Frameworks */,
				6C4E880F24A6547000766E15 /* CopyFiles */,
			);
			buildRules = (
			);
			dependencies = (
			);
			name = eul;
			productName = eul;
			productReference = 6C5F853B249FACE000CF0EF8 /* eul.app */;
			productType = "com.apple.product-type.application";
		};
/* End PBXNativeTarget section */

/* Begin PBXProject section */
		6C5F8533249FACE000CF0EF8 /* Project object */ = {
			isa = PBXProject;
			attributes = {
				LastSwiftUpdateCheck = 1150;
				LastUpgradeCheck = 1150;
				ORGANIZATIONNAME = "Gao Sun";
				TargetAttributes = {
					6C5F853A249FACE000CF0EF8 = {
						CreatedOnToolsVersion = 11.5;
						LastSwiftMigration = 1150;
					};
				};
			};
			buildConfigurationList = 6C5F8536249FACE000CF0EF8 /* Build configuration list for PBXProject "eul" */;
			compatibilityVersion = "Xcode 9.3";
			developmentRegion = en;
			hasScannedForEncodings = 0;
			knownRegions = (
				en,
				Base,
			);
			mainGroup = 6C5F8532249FACE000CF0EF8;
			productRefGroup = 6C5F853C249FACE000CF0EF8 /* Products */;
			projectDirPath = "";
			projectRoot = "";
			targets = (
				6C5F853A249FACE000CF0EF8 /* eul */,
			);
		};
/* End PBXProject section */

/* Begin PBXResourcesBuildPhase section */
		6C5F8539249FACE000CF0EF8 /* Resources */ = {
			isa = PBXResourcesBuildPhase;
			buildActionMask = 2147483647;
			files = (
				6C5F8549249FACE200CF0EF8 /* Main.storyboard in Resources */,
				6C5F8546249FACE200CF0EF8 /* Preview Assets.xcassets in Resources */,
				6C5F8543249FACE200CF0EF8 /* Assets.xcassets in Resources */,
			);
			runOnlyForDeploymentPostprocessing = 0;
		};
/* End PBXResourcesBuildPhase section */

/* Begin PBXSourcesBuildPhase section */
		6C5F8537249FACE000CF0EF8 /* Sources */ = {
			isa = PBXSourcesBuildPhase;
			buildActionMask = 2147483647;
			files = (
				6C1FA40E24AA162800CA7F71 /* Refreshable.swift in Sources */,
				6C1FA40424A7187F00CA7F71 /* FanView.swift in Sources */,
				6CAEED6524A62DF800C39597 /* SMC.swift in Sources */,
				6C5F8541249FACE000CF0EF8 /* ContentView.swift in Sources */,
				6C5F853F249FACE000CF0EF8 /* AppDelegate.swift in Sources */,
				6C5F855C24A5DA1300CF0EF8 /* MenuItemView.swift in Sources */,
				6C1FA3F824A70DF300CA7F71 /* CpuView.swift in Sources */,
				6C1FA40024A712AA00CA7F71 /* SmcControl.swift in Sources */,
				6C1FA40224A716F600CA7F71 /* StatusBarView.swift in Sources */,
				6CAEED6224A5F51600C39597 /* Text.swift in Sources */,
				6C1FA3FA24A70E6700CA7F71 /* CpuStore.swift in Sources */,
				6C1FA41024AA1D4400CA7F71 /* FanStore.swift in Sources */,
				6CAEED5424A5DE4700C39597 /* Color.swift in Sources */,
				6C1FA40B24AA139300CA7F71 /* NSNotification.swift in Sources */,
				6C1FA40724AA127E00CA7F71 /* MemoryView.swift in Sources */,
				6C1FA41224AA1DC100CA7F71 /* MemoryStore.swift in Sources */,
				6C1FA3FE24A7118000CA7F71 /* Info.swift in Sources */,
			);
			runOnlyForDeploymentPostprocessing = 0;
		};
/* End PBXSourcesBuildPhase section */

/* Begin PBXVariantGroup section */
		6C5F8547249FACE200CF0EF8 /* Main.storyboard */ = {
			isa = PBXVariantGroup;
			children = (
				6C5F8548249FACE200CF0EF8 /* Base */,
			);
			name = Main.storyboard;
			sourceTree = "<group>";
		};
/* End PBXVariantGroup section */

/* Begin XCBuildConfiguration section */
		6C5F854C249FACE200CF0EF8 /* Debug */ = {
			isa = XCBuildConfiguration;
			buildSettings = {
				ALWAYS_SEARCH_USER_PATHS = NO;
				CLANG_ANALYZER_NONNULL = YES;
				CLANG_ANALYZER_NUMBER_OBJECT_CONVERSION = YES_AGGRESSIVE;
				CLANG_CXX_LANGUAGE_STANDARD = "gnu++14";
				CLANG_CXX_LIBRARY = "libc++";
				CLANG_ENABLE_MODULES = YES;
				CLANG_ENABLE_OBJC_ARC = YES;
				CLANG_ENABLE_OBJC_WEAK = YES;
				CLANG_WARN_BLOCK_CAPTURE_AUTORELEASING = YES;
				CLANG_WARN_BOOL_CONVERSION = YES;
				CLANG_WARN_COMMA = YES;
				CLANG_WARN_CONSTANT_CONVERSION = YES;
				CLANG_WARN_DEPRECATED_OBJC_IMPLEMENTATIONS = YES;
				CLANG_WARN_DIRECT_OBJC_ISA_USAGE = YES_ERROR;
				CLANG_WARN_DOCUMENTATION_COMMENTS = YES;
				CLANG_WARN_EMPTY_BODY = YES;
				CLANG_WARN_ENUM_CONVERSION = YES;
				CLANG_WARN_INFINITE_RECURSION = YES;
				CLANG_WARN_INT_CONVERSION = YES;
				CLANG_WARN_NON_LITERAL_NULL_CONVERSION = YES;
				CLANG_WARN_OBJC_IMPLICIT_RETAIN_SELF = YES;
				CLANG_WARN_OBJC_LITERAL_CONVERSION = YES;
				CLANG_WARN_OBJC_ROOT_CLASS = YES_ERROR;
				CLANG_WARN_RANGE_LOOP_ANALYSIS = YES;
				CLANG_WARN_STRICT_PROTOTYPES = YES;
				CLANG_WARN_SUSPICIOUS_MOVE = YES;
				CLANG_WARN_UNGUARDED_AVAILABILITY = YES_AGGRESSIVE;
				CLANG_WARN_UNREACHABLE_CODE = YES;
				CLANG_WARN__DUPLICATE_METHOD_MATCH = YES;
				COPY_PHASE_STRIP = NO;
				DEBUG_INFORMATION_FORMAT = dwarf;
				ENABLE_STRICT_OBJC_MSGSEND = YES;
				ENABLE_TESTABILITY = YES;
				GCC_C_LANGUAGE_STANDARD = gnu11;
				GCC_DYNAMIC_NO_PIC = NO;
				GCC_NO_COMMON_BLOCKS = YES;
				GCC_OPTIMIZATION_LEVEL = 0;
				GCC_PREPROCESSOR_DEFINITIONS = (
					"DEBUG=1",
					"$(inherited)",
				);
				GCC_WARN_64_TO_32_BIT_CONVERSION = YES;
				GCC_WARN_ABOUT_RETURN_TYPE = YES_ERROR;
				GCC_WARN_UNDECLARED_SELECTOR = YES;
				GCC_WARN_UNINITIALIZED_AUTOS = YES_AGGRESSIVE;
				GCC_WARN_UNUSED_FUNCTION = YES;
				GCC_WARN_UNUSED_VARIABLE = YES;
				MACOSX_DEPLOYMENT_TARGET = 10.15;
				MTL_ENABLE_DEBUG_INFO = INCLUDE_SOURCE;
				MTL_FAST_MATH = YES;
				ONLY_ACTIVE_ARCH = YES;
				SDKROOT = macosx;
				SWIFT_ACTIVE_COMPILATION_CONDITIONS = DEBUG;
				SWIFT_OPTIMIZATION_LEVEL = "-Onone";
			};
			name = Debug;
		};
		6C5F854D249FACE200CF0EF8 /* Release */ = {
			isa = XCBuildConfiguration;
			buildSettings = {
				ALWAYS_SEARCH_USER_PATHS = NO;
				CLANG_ANALYZER_NONNULL = YES;
				CLANG_ANALYZER_NUMBER_OBJECT_CONVERSION = YES_AGGRESSIVE;
				CLANG_CXX_LANGUAGE_STANDARD = "gnu++14";
				CLANG_CXX_LIBRARY = "libc++";
				CLANG_ENABLE_MODULES = YES;
				CLANG_ENABLE_OBJC_ARC = YES;
				CLANG_ENABLE_OBJC_WEAK = YES;
				CLANG_WARN_BLOCK_CAPTURE_AUTORELEASING = YES;
				CLANG_WARN_BOOL_CONVERSION = YES;
				CLANG_WARN_COMMA = YES;
				CLANG_WARN_CONSTANT_CONVERSION = YES;
				CLANG_WARN_DEPRECATED_OBJC_IMPLEMENTATIONS = YES;
				CLANG_WARN_DIRECT_OBJC_ISA_USAGE = YES_ERROR;
				CLANG_WARN_DOCUMENTATION_COMMENTS = YES;
				CLANG_WARN_EMPTY_BODY = YES;
				CLANG_WARN_ENUM_CONVERSION = YES;
				CLANG_WARN_INFINITE_RECURSION = YES;
				CLANG_WARN_INT_CONVERSION = YES;
				CLANG_WARN_NON_LITERAL_NULL_CONVERSION = YES;
				CLANG_WARN_OBJC_IMPLICIT_RETAIN_SELF = YES;
				CLANG_WARN_OBJC_LITERAL_CONVERSION = YES;
				CLANG_WARN_OBJC_ROOT_CLASS = YES_ERROR;
				CLANG_WARN_RANGE_LOOP_ANALYSIS = YES;
				CLANG_WARN_STRICT_PROTOTYPES = YES;
				CLANG_WARN_SUSPICIOUS_MOVE = YES;
				CLANG_WARN_UNGUARDED_AVAILABILITY = YES_AGGRESSIVE;
				CLANG_WARN_UNREACHABLE_CODE = YES;
				CLANG_WARN__DUPLICATE_METHOD_MATCH = YES;
				COPY_PHASE_STRIP = NO;
				DEBUG_INFORMATION_FORMAT = "dwarf-with-dsym";
				ENABLE_NS_ASSERTIONS = NO;
				ENABLE_STRICT_OBJC_MSGSEND = YES;
				GCC_C_LANGUAGE_STANDARD = gnu11;
				GCC_NO_COMMON_BLOCKS = YES;
				GCC_WARN_64_TO_32_BIT_CONVERSION = YES;
				GCC_WARN_ABOUT_RETURN_TYPE = YES_ERROR;
				GCC_WARN_UNDECLARED_SELECTOR = YES;
				GCC_WARN_UNINITIALIZED_AUTOS = YES_AGGRESSIVE;
				GCC_WARN_UNUSED_FUNCTION = YES;
				GCC_WARN_UNUSED_VARIABLE = YES;
				MACOSX_DEPLOYMENT_TARGET = 10.15;
				MTL_ENABLE_DEBUG_INFO = NO;
				MTL_FAST_MATH = YES;
				SDKROOT = macosx;
				SWIFT_COMPILATION_MODE = wholemodule;
				SWIFT_OPTIMIZATION_LEVEL = "-O";
			};
			name = Release;
		};
		6C5F854F249FACE200CF0EF8 /* Debug */ = {
			isa = XCBuildConfiguration;
			buildSettings = {
				ASSETCATALOG_COMPILER_APPICON_NAME = AppIcon;
				CLANG_ENABLE_MODULES = YES;
				CODE_SIGN_ENTITLEMENTS = eul/eul.entitlements;
				CODE_SIGN_STYLE = Automatic;
				COMBINE_HIDPI_IMAGES = YES;
				DEVELOPMENT_ASSET_PATHS = "\"eul/Preview Content\"";
				ENABLE_PREVIEWS = YES;
				FRAMEWORK_SEARCH_PATHS = (
					"$(inherited)",
					"$(PROJECT_DIR)/Carthage/Build/Mac",
				);
				INFOPLIST_FILE = eul/Info.plist;
				LD_RUNPATH_SEARCH_PATHS = (
					"$(inherited)",
					"@executable_path/../Frameworks",
				);
				MACOSX_DEPLOYMENT_TARGET = 10.15;
				PRODUCT_BUNDLE_IDENTIFIER = com.gaosun.eul;
				PRODUCT_NAME = "$(TARGET_NAME)";
				SWIFT_OBJC_BRIDGING_HEADER = "eul/eul-Bridging-Header.h";
				SWIFT_OPTIMIZATION_LEVEL = "-Onone";
				SWIFT_VERSION = 5.0;
			};
			name = Debug;
		};
		6C5F8550249FACE200CF0EF8 /* Release */ = {
			isa = XCBuildConfiguration;
			buildSettings = {
				ASSETCATALOG_COMPILER_APPICON_NAME = AppIcon;
				CLANG_ENABLE_MODULES = YES;
				CODE_SIGN_ENTITLEMENTS = eul/eul.entitlements;
				CODE_SIGN_STYLE = Automatic;
				COMBINE_HIDPI_IMAGES = YES;
				DEVELOPMENT_ASSET_PATHS = "\"eul/Preview Content\"";
				ENABLE_PREVIEWS = YES;
				FRAMEWORK_SEARCH_PATHS = (
					"$(inherited)",
					"$(PROJECT_DIR)/Carthage/Build/Mac",
				);
				INFOPLIST_FILE = eul/Info.plist;
				LD_RUNPATH_SEARCH_PATHS = (
					"$(inherited)",
					"@executable_path/../Frameworks",
				);
				MACOSX_DEPLOYMENT_TARGET = 10.15;
				PRODUCT_BUNDLE_IDENTIFIER = com.gaosun.eul;
				PRODUCT_NAME = "$(TARGET_NAME)";
				SWIFT_OBJC_BRIDGING_HEADER = "eul/eul-Bridging-Header.h";
				SWIFT_VERSION = 5.0;
			};
			name = Release;
		};
/* End XCBuildConfiguration section */

/* Begin XCConfigurationList section */
		6C5F8536249FACE000CF0EF8 /* Build configuration list for PBXProject "eul" */ = {
			isa = XCConfigurationList;
			buildConfigurations = (
				6C5F854C249FACE200CF0EF8 /* Debug */,
				6C5F854D249FACE200CF0EF8 /* Release */,
			);
			defaultConfigurationIsVisible = 0;
			defaultConfigurationName = Release;
		};
		6C5F854E249FACE200CF0EF8 /* Build configuration list for PBXNativeTarget "eul" */ = {
			isa = XCConfigurationList;
			buildConfigurations = (
				6C5F854F249FACE200CF0EF8 /* Debug */,
				6C5F8550249FACE200CF0EF8 /* Release */,
			);
			defaultConfigurationIsVisible = 0;
			defaultConfigurationName = Release;
		};
/* End XCConfigurationList section */
	};
	rootObject = 6C5F8533249FACE000CF0EF8 /* Project object */;
}
